// !$*UTF8*$!
{
	archiveVersion = 1;
	classes = {
	};
	objectVersion = 56;
	objects = {

/* Begin PBXBuildFile section */
		4926329C2CEED8C000BF98D8 /* Player.swift in Sources */ = {isa = PBXBuildFile; fileRef = 4926329B2CEED8C000BF98D8 /* Player.swift */; };
		4964A49C2CE3AF8500F2C716 /* AppDelegate.swift in Sources */ = {isa = PBXBuildFile; fileRef = 4964A49B2CE3AF8500F2C716 /* AppDelegate.swift */; };
		4964A49E2CE3AF8500F2C716 /* SceneDelegate.swift in Sources */ = {isa = PBXBuildFile; fileRef = 4964A49D2CE3AF8500F2C716 /* SceneDelegate.swift */; };
		4964A4A32CE3AF8500F2C716 /* Main.storyboard in Resources */ = {isa = PBXBuildFile; fileRef = 4964A4A12CE3AF8500F2C716 /* Main.storyboard */; };
		4964A4A62CE3AF8500F2C716 /* Monopoly1.xcdatamodeld in Sources */ = {isa = PBXBuildFile; fileRef = 4964A4A42CE3AF8500F2C716 /* Monopoly1.xcdatamodeld */; };
		4964A4A82CE3AF8700F2C716 /* Assets.xcassets in Resources */ = {isa = PBXBuildFile; fileRef = 4964A4A72CE3AF8700F2C716 /* Assets.xcassets */; };
		4964A4AB2CE3AF8700F2C716 /* LaunchScreen.storyboard in Resources */ = {isa = PBXBuildFile; fileRef = 4964A4A92CE3AF8700F2C716 /* LaunchScreen.storyboard */; };
		4964A4B32CE3B14200F2C716 /* MonopolyTableTableViewController.swift in Sources */ = {isa = PBXBuildFile; fileRef = 4964A4B22CE3B14200F2C716 /* MonopolyTableTableViewController.swift */; };
		4964A4B52CE3B26800F2C716 /* Monopoly.swift in Sources */ = {isa = PBXBuildFile; fileRef = 4964A4B42CE3B26800F2C716 /* Monopoly.swift */; };
		4964A4B92CE3BC9F00F2C716 /* BoardSquareTableViewCell.swift in Sources */ = {isa = PBXBuildFile; fileRef = 4964A4B82CE3BC9F00F2C716 /* BoardSquareTableViewCell.swift */; };
/* End PBXBuildFile section */

/* Begin PBXFileReference section */
		4926329B2CEED8C000BF98D8 /* Player.swift */ = {isa = PBXFileReference; lastKnownFileType = sourcecode.swift; path = Player.swift; sourceTree = "<group>"; };
		4964A4982CE3AF8500F2C716 /* Monopoly1.app */ = {isa = PBXFileReference; explicitFileType = wrapper.application; includeInIndex = 0; path = Monopoly1.app; sourceTree = BUILT_PRODUCTS_DIR; };
		4964A49B2CE3AF8500F2C716 /* AppDelegate.swift */ = {isa = PBXFileReference; lastKnownFileType = sourcecode.swift; path = AppDelegate.swift; sourceTree = "<group>"; };
		4964A49D2CE3AF8500F2C716 /* SceneDelegate.swift */ = {isa = PBXFileReference; lastKnownFileType = sourcecode.swift; path = SceneDelegate.swift; sourceTree = "<group>"; };
		4964A4A22CE3AF8500F2C716 /* Base */ = {isa = PBXFileReference; lastKnownFileType = file.storyboard; name = Base; path = Base.lproj/Main.storyboard; sourceTree = "<group>"; };
		4964A4A52CE3AF8500F2C716 /* Monopoly1.xcdatamodel */ = {isa = PBXFileReference; lastKnownFileType = wrapper.xcdatamodel; path = Monopoly1.xcdatamodel; sourceTree = "<group>"; };
		4964A4A72CE3AF8700F2C716 /* Assets.xcassets */ = {isa = PBXFileReference; lastKnownFileType = folder.assetcatalog; path = Assets.xcassets; sourceTree = "<group>"; };
		4964A4AA2CE3AF8700F2C716 /* Base */ = {isa = PBXFileReference; lastKnownFileType = file.storyboard; name = Base; path = Base.lproj/LaunchScreen.storyboard; sourceTree = "<group>"; };
		4964A4AC2CE3AF8700F2C716 /* Info.plist */ = {isa = PBXFileReference; lastKnownFileType = text.plist.xml; path = Info.plist; sourceTree = "<group>"; };
		4964A4B22CE3B14200F2C716 /* MonopolyTableTableViewController.swift */ = {isa = PBXFileReference; lastKnownFileType = sourcecode.swift; path = MonopolyTableTableViewController.swift; sourceTree = "<group>"; };
		4964A4B42CE3B26800F2C716 /* Monopoly.swift */ = {isa = PBXFileReference; lastKnownFileType = sourcecode.swift; path = Monopoly.swift; sourceTree = "<group>"; };
		4964A4B82CE3BC9F00F2C716 /* BoardSquareTableViewCell.swift */ = {isa = PBXFileReference; lastKnownFileType = sourcecode.swift; path = BoardSquareTableViewCell.swift; sourceTree = "<group>"; };
/* End PBXFileReference section */

/* Begin PBXFrameworksBuildPhase section */
		4964A4952CE3AF8500F2C716 /* Frameworks */ = {
			isa = PBXFrameworksBuildPhase;
			buildActionMask = 2147483647;
			files = (
			);
			runOnlyForDeploymentPostprocessing = 0;
		};
/* End PBXFrameworksBuildPhase section */

/* Begin PBXGroup section */
		4964A48F2CE3AF8500F2C716 = {
			isa = PBXGroup;
			children = (
				4964A49A2CE3AF8500F2C716 /* Monopoly1 */,
				4964A4992CE3AF8500F2C716 /* Products */,
			);
			sourceTree = "<group>";
		};
		4964A4992CE3AF8500F2C716 /* Products */ = {
			isa = PBXGroup;
			children = (
				4964A4982CE3AF8500F2C716 /* Monopoly1.app */,
			);
			name = Products;
			sourceTree = "<group>";
		};
		4964A49A2CE3AF8500F2C716 /* Monopoly1 */ = {
			isa = PBXGroup;
			children = (
				4964A49B2CE3AF8500F2C716 /* AppDelegate.swift */,
				4926329B2CEED8C000BF98D8 /* Player.swift */,
				4964A49D2CE3AF8500F2C716 /* SceneDelegate.swift */,
				4964A4A12CE3AF8500F2C716 /* Main.storyboard */,
				4964A4B82CE3BC9F00F2C716 /* BoardSquareTableViewCell.swift */,
				4964A4B42CE3B26800F2C716 /* Monopoly.swift */,
				4964A4B22CE3B14200F2C716 /* MonopolyTableTableViewController.swift */,
				4964A4A72CE3AF8700F2C716 /* Assets.xcassets */,
				4964A4A92CE3AF8700F2C716 /* LaunchScreen.storyboard */,
				4964A4AC2CE3AF8700F2C716 /* Info.plist */,
				4964A4A42CE3AF8500F2C716 /* Monopoly1.xcdatamodeld */,
			);
			path = Monopoly1;
			sourceTree = "<group>";
		};
/* End PBXGroup section */

/* Begin PBXNativeTarget section */
		4964A4972CE3AF8500F2C716 /* Monopoly1 */ = {
			isa = PBXNativeTarget;
			buildConfigurationList = 4964A4AF2CE3AF8700F2C716 /* Build configuration list for PBXNativeTarget "Monopoly1" */;
			buildPhases = (
				4964A4942CE3AF8500F2C716 /* Sources */,
				4964A4952CE3AF8500F2C716 /* Frameworks */,
				4964A4962CE3AF8500F2C716 /* Resources */,
			);
			buildRules = (
			);
			dependencies = (
			);
			name = Monopoly1;
			productName = Monopoly1;
			productReference = 4964A4982CE3AF8500F2C716 /* Monopoly1.app */;
			productType = "com.apple.product-type.application";
		};
/* End PBXNativeTarget section */

/* Begin PBXProject section */
		4964A4902CE3AF8500F2C716 /* Project object */ = {
			isa = PBXProject;
			attributes = {
				BuildIndependentTargetsInParallel = 1;
				LastSwiftUpdateCheck = 1520;
				LastUpgradeCheck = 1520;
				TargetAttributes = {
					4964A4972CE3AF8500F2C716 = {
						CreatedOnToolsVersion = 15.2;
					};
				};
			};
			buildConfigurationList = 4964A4932CE3AF8500F2C716 /* Build configuration list for PBXProject "Monopoly1" */;
			compatibilityVersion = "Xcode 14.0";
			developmentRegion = en;
			hasScannedForEncodings = 0;
			knownRegions = (
				en,
				Base,
			);
			mainGroup = 4964A48F2CE3AF8500F2C716;
			productRefGroup = 4964A4992CE3AF8500F2C716 /* Products */;
			projectDirPath = "";
			projectRoot = "";
			targets = (
				4964A4972CE3AF8500F2C716 /* Monopoly1 */,
			);
		};
/* End PBXProject section */

/* Begin PBXResourcesBuildPhase section */
		4964A4962CE3AF8500F2C716 /* Resources */ = {
			isa = PBXResourcesBuildPhase;
			buildActionMask = 2147483647;
			files = (
				4964A4AB2CE3AF8700F2C716 /* LaunchScreen.storyboard in Resources */,
				4964A4A82CE3AF8700F2C716 /* Assets.xcassets in Resources */,
				4964A4A32CE3AF8500F2C716 /* Main.storyboard in Resources */,
			);
			runOnlyForDeploymentPostprocessing = 0;
		};
/* End PBXResourcesBuildPhase section */

/* Begin PBXSourcesBuildPhase section */
		4964A4942CE3AF8500F2C716 /* Sources */ = {
			isa = PBXSourcesBuildPhase;
			buildActionMask = 2147483647;
			files = (
				4964A4A62CE3AF8500F2C716 /* Monopoly1.xcdatamodeld in Sources */,
				4964A4B32CE3B14200F2C716 /* MonopolyTableTableViewController.swift in Sources */,
				4964A4B52CE3B26800F2C716 /* Monopoly.swift in Sources */,
				4964A49C2CE3AF8500F2C716 /* AppDelegate.swift in Sources */,
				4926329C2CEED8C000BF98D8 /* Player.swift in Sources */,
				4964A49E2CE3AF8500F2C716 /* SceneDelegate.swift in Sources */,
				4964A4B92CE3BC9F00F2C716 /* BoardSquareTableViewCell.swift in Sources */,
			);
			runOnlyForDeploymentPostprocessing = 0;
		};
/* End PBXSourcesBuildPhase section */

/* Begin PBXVariantGroup section */
		4964A4A12CE3AF8500F2C716 /* Main.storyboard */ = {
			isa = PBXVariantGroup;
			children = (
				4964A4A22CE3AF8500F2C716 /* Base */,
			);
			name = Main.storyboard;
			sourceTree = "<group>";
		};
		4964A4A92CE3AF8700F2C716 /* LaunchScreen.storyboard */ = {
			isa = PBXVariantGroup;
			children = (
				4964A4AA2CE3AF8700F2C716 /* Base */,
			);
			name = LaunchScreen.storyboard;
			sourceTree = "<group>";
		};
/* End PBXVariantGroup section */

/* Begin XCBuildConfiguration section */
		4964A4AD2CE3AF8700F2C716 /* Debug */ = {
			isa = XCBuildConfiguration;
			buildSettings = {
				ALWAYS_SEARCH_USER_PATHS = NO;
				ASSETCATALOG_COMPILER_GENERATE_SWIFT_ASSET_SYMBOL_EXTENSIONS = YES;
				CLANG_ANALYZER_NONNULL = YES;
				CLANG_ANALYZER_NUMBER_OBJECT_CONVERSION = YES_AGGRESSIVE;
				CLANG_CXX_LANGUAGE_STANDARD = "gnu++20";
				CLANG_ENABLE_MODULES = YES;
				CLANG_ENABLE_OBJC_ARC = YES;
				CLANG_ENABLE_OBJC_WEAK = YES;
				CLANG_WARN_BLOCK_CAPTURE_AUTORELEASING = YES;
				CLANG_WARN_BOOL_CONVERSION = YES;
				CLANG_WARN_COMMA = YES;
				CLANG_WARN_CONSTANT_CONVERSION = YES;
				CLANG_WARN_DEPRECATED_OBJC_IMPLEMENTATIONS = YES;
				CLANG_WARN_DIRECT_OBJC_ISA_USAGE = YES_ERROR;
				CLANG_WARN_DOCUMENTATION_COMMENTS = YES;
				CLANG_WARN_EMPTY_BODY = YES;
				CLANG_WARN_ENUM_CONVERSION = YES;
				CLANG_WARN_INFINITE_RECURSION = YES;
				CLANG_WARN_INT_CONVERSION = YES;
				CLANG_WARN_NON_LITERAL_NULL_CONVERSION = YES;
				CLANG_WARN_OBJC_IMPLICIT_RETAIN_SELF = YES;
				CLANG_WARN_OBJC_LITERAL_CONVERSION = YES;
				CLANG_WARN_OBJC_ROOT_CLASS = YES_ERROR;
				CLANG_WARN_QUOTED_INCLUDE_IN_FRAMEWORK_HEADER = YES;
				CLANG_WARN_RANGE_LOOP_ANALYSIS = YES;
				CLANG_WARN_STRICT_PROTOTYPES = YES;
				CLANG_WARN_SUSPICIOUS_MOVE = YES;
				CLANG_WARN_UNGUARDED_AVAILABILITY = YES_AGGRESSIVE;
				CLANG_WARN_UNREACHABLE_CODE = YES;
				CLANG_WARN__DUPLICATE_METHOD_MATCH = YES;
				COPY_PHASE_STRIP = NO;
				DEBUG_INFORMATION_FORMAT = dwarf;
				ENABLE_STRICT_OBJC_MSGSEND = YES;
				ENABLE_TESTABILITY = YES;
				ENABLE_USER_SCRIPT_SANDBOXING = YES;
				GCC_C_LANGUAGE_STANDARD = gnu17;
				GCC_DYNAMIC_NO_PIC = NO;
				GCC_NO_COMMON_BLOCKS = YES;
				GCC_OPTIMIZATION_LEVEL = 0;
				GCC_PREPROCESSOR_DEFINITIONS = (
					"DEBUG=1",
					"$(inherited)",
				);
				GCC_WARN_64_TO_32_BIT_CONVERSION = YES;
				GCC_WARN_ABOUT_RETURN_TYPE = YES_ERROR;
				GCC_WARN_UNDECLARED_SELECTOR = YES;
				GCC_WARN_UNINITIALIZED_AUTOS = YES_AGGRESSIVE;
				GCC_WARN_UNUSED_FUNCTION = YES;
				GCC_WARN_UNUSED_VARIABLE = YES;
				IPHONEOS_DEPLOYMENT_TARGET = 17.2;
				LOCALIZATION_PREFERS_STRING_CATALOGS = YES;
				MTL_ENABLE_DEBUG_INFO = INCLUDE_SOURCE;
				MTL_FAST_MATH = YES;
				ONLY_ACTIVE_ARCH = YES;
				SDKROOT = iphoneos;
				SWIFT_ACTIVE_COMPILATION_CONDITIONS = "DEBUG $(inherited)";
				SWIFT_OPTIMIZATION_LEVEL = "-Onone";
			};
			name = Debug;
		};
		4964A4AE2CE3AF8700F2C716 /* Release */ = {
			isa = XCBuildConfiguration;
			buildSettings = {
				ALWAYS_SEARCH_USER_PATHS = NO;
				ASSETCATALOG_COMPILER_GENERATE_SWIFT_ASSET_SYMBOL_EXTENSIONS = YES;
				CLANG_ANALYZER_NONNULL = YES;
				CLANG_ANALYZER_NUMBER_OBJECT_CONVERSION = YES_AGGRESSIVE;
				CLANG_CXX_LANGUAGE_STANDARD = "gnu++20";
				CLANG_ENABLE_MODULES = YES;
				CLANG_ENABLE_OBJC_ARC = YES;
				CLANG_ENABLE_OBJC_WEAK = YES;
				CLANG_WARN_BLOCK_CAPTURE_AUTORELEASING = YES;
				CLANG_WARN_BOOL_CONVERSION = YES;
				CLANG_WARN_COMMA = YES;
				CLANG_WARN_CONSTANT_CONVERSION = YES;
				CLANG_WARN_DEPRECATED_OBJC_IMPLEMENTATIONS = YES;
				CLANG_WARN_DIRECT_OBJC_ISA_USAGE = YES_ERROR;
				CLANG_WARN_DOCUMENTATION_COMMENTS = YES;
				CLANG_WARN_EMPTY_BODY = YES;
				CLANG_WARN_ENUM_CONVERSION = YES;
				CLANG_WARN_INFINITE_RECURSION = YES;
				CLANG_WARN_INT_CONVERSION = YES;
				CLANG_WARN_NON_LITERAL_NULL_CONVERSION = YES;
				CLANG_WARN_OBJC_IMPLICIT_RETAIN_SELF = YES;
				CLANG_WARN_OBJC_LITERAL_CONVERSION = YES;
				CLANG_WARN_OBJC_ROOT_CLASS = YES_ERROR;
				CLANG_WARN_QUOTED_INCLUDE_IN_FRAMEWORK_HEADER = YES;
				CLANG_WARN_RANGE_LOOP_ANALYSIS = YES;
				CLANG_WARN_STRICT_PROTOTYPES = YES;
				CLANG_WARN_SUSPICIOUS_MOVE = YES;
				CLANG_WARN_UNGUARDED_AVAILABILITY = YES_AGGRESSIVE;
				CLANG_WARN_UNREACHABLE_CODE = YES;
				CLANG_WARN__DUPLICATE_METHOD_MATCH = YES;
				COPY_PHASE_STRIP = NO;
				DEBUG_INFORMATION_FORMAT = "dwarf-with-dsym";
				ENABLE_NS_ASSERTIONS = NO;
				ENABLE_STRICT_OBJC_MSGSEND = YES;
				ENABLE_USER_SCRIPT_SANDBOXING = YES;
				GCC_C_LANGUAGE_STANDARD = gnu17;
				GCC_NO_COMMON_BLOCKS = YES;
				GCC_WARN_64_TO_32_BIT_CONVERSION = YES;
				GCC_WARN_ABOUT_RETURN_TYPE = YES_ERROR;
				GCC_WARN_UNDECLARED_SELECTOR = YES;
				GCC_WARN_UNINITIALIZED_AUTOS = YES_AGGRESSIVE;
				GCC_WARN_UNUSED_FUNCTION = YES;
				GCC_WARN_UNUSED_VARIABLE = YES;
				IPHONEOS_DEPLOYMENT_TARGET = 17.2;
				LOCALIZATION_PREFERS_STRING_CATALOGS = YES;
				MTL_ENABLE_DEBUG_INFO = NO;
				MTL_FAST_MATH = YES;
				SDKROOT = iphoneos;
				SWIFT_COMPILATION_MODE = wholemodule;
				VALIDATE_PRODUCT = YES;
			};
			name = Release;
		};
		4964A4B02CE3AF8700F2C716 /* Debug */ = {
			isa = XCBuildConfiguration;
			buildSettings = {
				ASSETCATALOG_COMPILER_APPICON_NAME = AppIcon;
				ASSETCATALOG_COMPILER_GLOBAL_ACCENT_COLOR_NAME = AccentColor;
				CODE_SIGN_STYLE = Automatic;
				CURRENT_PROJECT_VERSION = 1;
				DEVELOPMENT_TEAM = HUSSB9QG5P;
				GENERATE_INFOPLIST_FILE = YES;
				INFOPLIST_FILE = Monopoly1/Info.plist;
				INFOPLIST_KEY_UIApplicationSupportsIndirectInputEvents = YES;
				INFOPLIST_KEY_UILaunchStoryboardName = LaunchScreen;
				INFOPLIST_KEY_UIMainStoryboardFile = Main;
				INFOPLIST_KEY_UISupportedInterfaceOrientations_iPad = "UIInterfaceOrientationPortrait UIInterfaceOrientationPortraitUpsideDown UIInterfaceOrientationLandscapeLeft UIInterfaceOrientationLandscapeRight";
				INFOPLIST_KEY_UISupportedInterfaceOrientations_iPhone = "UIInterfaceOrientationPortrait UIInterfaceOrientationLandscapeLeft UIInterfaceOrientationLandscapeRight";
				LD_RUNPATH_SEARCH_PATHS = (
					"$(inherited)",
					"@executable_path/Frameworks",
				);
				MARKETING_VERSION = 1.0;
				PRODUCT_BUNDLE_IDENTIFIER = stefanocasafranca.Monopoly1;
				PRODUCT_NAME = "$(TARGET_NAME)";
				SWIFT_EMIT_LOC_STRINGS = YES;
				SWIFT_VERSION = 5.0;
				TARGETED_DEVICE_FAMILY = "1,2";
			};
			name = Debug;
		};
		4964A4B12CE3AF8700F2C716 /* Release */ = {
			isa = XCBuildConfiguration;
			buildSettings = {
				ASSETCATALOG_COMPILER_APPICON_NAME = AppIcon;
				ASSETCATALOG_COMPILER_GLOBAL_ACCENT_COLOR_NAME = AccentColor;
				CODE_SIGN_STYLE = Automatic;
				CURRENT_PROJECT_VERSION = 1;
				DEVELOPMENT_TEAM = HUSSB9QG5P;
				GENERATE_INFOPLIST_FILE = YES;
				INFOPLIST_FILE = Monopoly1/Info.plist;
				INFOPLIST_KEY_UIApplicationSupportsIndirectInputEvents = YES;
				INFOPLIST_KEY_UILaunchStoryboardName = LaunchScreen;
				INFOPLIST_KEY_UIMainStoryboardFile = Main;
				INFOPLIST_KEY_UISupportedInterfaceOrientations_iPad = "UIInterfaceOrientationPortrait UIInterfaceOrientationPortraitUpsideDown UIInterfaceOrientationLandscapeLeft UIInterfaceOrientationLandscapeRight";
				INFOPLIST_KEY_UISupportedInterfaceOrientations_iPhone = "UIInterfaceOrientationPortrait UIInterfaceOrientationLandscapeLeft UIInterfaceOrientationLandscapeRight";
				LD_RUNPATH_SEARCH_PATHS = (
					"$(inherited)",
					"@executable_path/Frameworks",
				);
				MARKETING_VERSION = 1.0;
				PRODUCT_BUNDLE_IDENTIFIER = stefanocasafranca.Monopoly1;
				PRODUCT_NAME = "$(TARGET_NAME)";
				SWIFT_EMIT_LOC_STRINGS = YES;
				SWIFT_VERSION = 5.0;
				TARGETED_DEVICE_FAMILY = "1,2";
			};
			name = Release;
		};
/* End XCBuildConfiguration section */

/* Begin XCConfigurationList section */
		4964A4932CE3AF8500F2C716 /* Build configuration list for PBXProject "Monopoly1" */ = {
			isa = XCConfigurationList;
			buildConfigurations = (
				4964A4AD2CE3AF8700F2C716 /* Debug */,
				4964A4AE2CE3AF8700F2C716 /* Release */,
			);
			defaultConfigurationIsVisible = 0;
			defaultConfigurationName = Release;
		};
		4964A4AF2CE3AF8700F2C716 /* Build configuration list for PBXNativeTarget "Monopoly1" */ = {
			isa = XCConfigurationList;
			buildConfigurations = (
				4964A4B02CE3AF8700F2C716 /* Debug */,
				4964A4B12CE3AF8700F2C716 /* Release */,
			);
			defaultConfigurationIsVisible = 0;
			defaultConfigurationName = Release;
		};
/* End XCConfigurationList section */

/* Begin XCVersionGroup section */
		4964A4A42CE3AF8500F2C716 /* Monopoly1.xcdatamodeld */ = {
			isa = XCVersionGroup;
			children = (
				4964A4A52CE3AF8500F2C716 /* Monopoly1.xcdatamodel */,
			);
			currentVersion = 4964A4A52CE3AF8500F2C716 /* Monopoly1.xcdatamodel */;
			path = Monopoly1.xcdatamodeld;
			sourceTree = "<group>";
			versionGroupType = wrapper.xcdatamodel;
		};
/* End XCVersionGroup section */
	};
	rootObject = 4964A4902CE3AF8500F2C716 /* Project object */;
}
